// !$*UTF8*$!
{
	archiveVersion = 1;
	classes = {
	};
	objectVersion = 50;
	objects = {

/* Begin PBXBuildFile section */
		631F244825E555ED0038621E /* JSONModels.swift in Sources */ = {isa = PBXBuildFile; fileRef = 631F244725E555ED0038621E /* JSONModels.swift */; };
		6373FA5F25E277B400D24ED1 /* AppDelegate.swift in Sources */ = {isa = PBXBuildFile; fileRef = 6373FA5E25E277B400D24ED1 /* AppDelegate.swift */; };
		6373FA6125E277B400D24ED1 /* SceneDelegate.swift in Sources */ = {isa = PBXBuildFile; fileRef = 6373FA6025E277B400D24ED1 /* SceneDelegate.swift */; };
		6373FA6325E277B400D24ED1 /* ViewController.swift in Sources */ = {isa = PBXBuildFile; fileRef = 6373FA6225E277B400D24ED1 /* ViewController.swift */; };
		6373FA6625E277B400D24ED1 /* Main.storyboard in Resources */ = {isa = PBXBuildFile; fileRef = 6373FA6425E277B400D24ED1 /* Main.storyboard */; };
		6373FA6925E277B400D24ED1 /* hm6.xcdatamodeld in Sources */ = {isa = PBXBuildFile; fileRef = 6373FA6725E277B400D24ED1 /* hm6.xcdatamodeld */; };
		6373FA6B25E277B700D24ED1 /* Assets.xcassets in Resources */ = {isa = PBXBuildFile; fileRef = 6373FA6A25E277B700D24ED1 /* Assets.xcassets */; };
		6373FA6E25E277B700D24ED1 /* LaunchScreen.storyboard in Resources */ = {isa = PBXBuildFile; fileRef = 6373FA6C25E277B700D24ED1 /* LaunchScreen.storyboard */; };
		6373FA7825E2784200D24ED1 /* NetworkManager.swift in Sources */ = {isa = PBXBuildFile; fileRef = 6373FA7725E2784200D24ED1 /* NetworkManager.swift */; };
		6381248025E320AC0013C23F /* ClientConstants.swift in Sources */ = {isa = PBXBuildFile; fileRef = 6381247F25E320AC0013C23F /* ClientConstants.swift */; };
		6381248325E324F80013C23F /* DetailsViewController.swift in Sources */ = {isa = PBXBuildFile; fileRef = 6381248225E324F70013C23F /* DetailsViewController.swift */; };
		63AFBEEF25E65028009B8FDA /* Extensions.swift in Sources */ = {isa = PBXBuildFile; fileRef = 63AFBEEE25E65028009B8FDA /* Extensions.swift */; };
		63AFBEF325E652E8009B8FDA /* MyTableViewCell.swift in Sources */ = {isa = PBXBuildFile; fileRef = 63AFBEF125E652E8009B8FDA /* MyTableViewCell.swift */; };
		63AFBEF425E652E8009B8FDA /* MyTableViewCell.xib in Resources */ = {isa = PBXBuildFile; fileRef = 63AFBEF225E652E8009B8FDA /* MyTableViewCell.xib */; };
/* End PBXBuildFile section */

/* Begin PBXFileReference section */
		631F244725E555ED0038621E /* JSONModels.swift */ = {isa = PBXFileReference; lastKnownFileType = sourcecode.swift; path = JSONModels.swift; sourceTree = "<group>"; };
		6373FA5B25E277B400D24ED1 /* hm6.app */ = {isa = PBXFileReference; explicitFileType = wrapper.application; includeInIndex = 0; path = hm6.app; sourceTree = BUILT_PRODUCTS_DIR; };
		6373FA5E25E277B400D24ED1 /* AppDelegate.swift */ = {isa = PBXFileReference; lastKnownFileType = sourcecode.swift; path = AppDelegate.swift; sourceTree = "<group>"; };
		6373FA6025E277B400D24ED1 /* SceneDelegate.swift */ = {isa = PBXFileReference; lastKnownFileType = sourcecode.swift; path = SceneDelegate.swift; sourceTree = "<group>"; };
		6373FA6225E277B400D24ED1 /* ViewController.swift */ = {isa = PBXFileReference; lastKnownFileType = sourcecode.swift; path = ViewController.swift; sourceTree = "<group>"; };
		6373FA6525E277B400D24ED1 /* Base */ = {isa = PBXFileReference; lastKnownFileType = file.storyboard; name = Base; path = Base.lproj/Main.storyboard; sourceTree = "<group>"; };
		6373FA6825E277B400D24ED1 /* hm6.xcdatamodel */ = {isa = PBXFileReference; lastKnownFileType = wrapper.xcdatamodel; path = hm6.xcdatamodel; sourceTree = "<group>"; };
		6373FA6A25E277B700D24ED1 /* Assets.xcassets */ = {isa = PBXFileReference; lastKnownFileType = folder.assetcatalog; path = Assets.xcassets; sourceTree = "<group>"; };
		6373FA6D25E277B700D24ED1 /* Base */ = {isa = PBXFileReference; lastKnownFileType = file.storyboard; name = Base; path = Base.lproj/LaunchScreen.storyboard; sourceTree = "<group>"; };
		6373FA6F25E277B700D24ED1 /* Info.plist */ = {isa = PBXFileReference; lastKnownFileType = text.plist.xml; path = Info.plist; sourceTree = "<group>"; };
		6373FA7725E2784200D24ED1 /* NetworkManager.swift */ = {isa = PBXFileReference; lastKnownFileType = sourcecode.swift; path = NetworkManager.swift; sourceTree = "<group>"; };
		6381247F25E320AC0013C23F /* ClientConstants.swift */ = {isa = PBXFileReference; lastKnownFileType = sourcecode.swift; path = ClientConstants.swift; sourceTree = "<group>"; };
		6381248225E324F70013C23F /* DetailsViewController.swift */ = {isa = PBXFileReference; lastKnownFileType = sourcecode.swift; path = DetailsViewController.swift; sourceTree = "<group>"; };
		63AFBEEE25E65028009B8FDA /* Extensions.swift */ = {isa = PBXFileReference; lastKnownFileType = sourcecode.swift; path = Extensions.swift; sourceTree = "<group>"; };
		63AFBEF125E652E8009B8FDA /* MyTableViewCell.swift */ = {isa = PBXFileReference; lastKnownFileType = sourcecode.swift; path = MyTableViewCell.swift; sourceTree = "<group>"; };
		63AFBEF225E652E8009B8FDA /* MyTableViewCell.xib */ = {isa = PBXFileReference; lastKnownFileType = file.xib; path = MyTableViewCell.xib; sourceTree = "<group>"; };
/* End PBXFileReference section */

/* Begin PBXFrameworksBuildPhase section */
		6373FA5825E277B400D24ED1 /* Frameworks */ = {
			isa = PBXFrameworksBuildPhase;
			buildActionMask = 2147483647;
			files = (
			);
			runOnlyForDeploymentPostprocessing = 0;
		};
/* End PBXFrameworksBuildPhase section */

/* Begin PBXGroup section */
		6373FA5225E277B400D24ED1 = {
			isa = PBXGroup;
			children = (
				6373FA5D25E277B400D24ED1 /* hm6 */,
				6373FA5C25E277B400D24ED1 /* Products */,
			);
			sourceTree = "<group>";
		};
		6373FA5C25E277B400D24ED1 /* Products */ = {
			isa = PBXGroup;
			children = (
				6373FA5B25E277B400D24ED1 /* hm6.app */,
			);
			name = Products;
			sourceTree = "<group>";
		};
		6373FA5D25E277B400D24ED1 /* hm6 */ = {
			isa = PBXGroup;
			children = (
				6373FA7625E2782800D24ED1 /* Network */,
				6373FA5E25E277B400D24ED1 /* AppDelegate.swift */,
				6373FA6025E277B400D24ED1 /* SceneDelegate.swift */,
				6373FA6225E277B400D24ED1 /* ViewController.swift */,
				6381248225E324F70013C23F /* DetailsViewController.swift */,
				63AFBEF125E652E8009B8FDA /* MyTableViewCell.swift */,
				63AFBEF225E652E8009B8FDA /* MyTableViewCell.xib */,
				6373FA6425E277B400D24ED1 /* Main.storyboard */,
				6373FA6A25E277B700D24ED1 /* Assets.xcassets */,
				6373FA6C25E277B700D24ED1 /* LaunchScreen.storyboard */,
				6373FA6F25E277B700D24ED1 /* Info.plist */,
				6373FA6725E277B400D24ED1 /* hm6.xcdatamodeld */,
				63AFBEEE25E65028009B8FDA /* Extensions.swift */,
			);
			path = hm6;
			sourceTree = "<group>";
		};
		6373FA7625E2782800D24ED1 /* Network */ = {
			isa = PBXGroup;
			children = (
				631F244725E555ED0038621E /* JSONModels.swift */,
				6373FA7725E2784200D24ED1 /* NetworkManager.swift */,
				6381247F25E320AC0013C23F /* ClientConstants.swift */,
			);
			path = Network;
			sourceTree = "<group>";
		};
/* End PBXGroup section */

/* Begin PBXNativeTarget section */
		6373FA5A25E277B400D24ED1 /* hm6 */ = {
			isa = PBXNativeTarget;
			buildConfigurationList = 6373FA7225E277B700D24ED1 /* Build configuration list for PBXNativeTarget "hm6" */;
			buildPhases = (
				6373FA5725E277B400D24ED1 /* Sources */,
				6373FA5825E277B400D24ED1 /* Frameworks */,
				6373FA5925E277B400D24ED1 /* Resources */,
			);
			buildRules = (
			);
			dependencies = (
			);
			name = hm6;
			productName = hm6;
			productReference = 6373FA5B25E277B400D24ED1 /* hm6.app */;
			productType = "com.apple.product-type.application";
		};
/* End PBXNativeTarget section */

/* Begin PBXProject section */
		6373FA5325E277B400D24ED1 /* Project object */ = {
			isa = PBXProject;
			attributes = {
				LastSwiftUpdateCheck = 1240;
				LastUpgradeCheck = 1240;
				TargetAttributes = {
					6373FA5A25E277B400D24ED1 = {
						CreatedOnToolsVersion = 12.4;
					};
				};
			};
			buildConfigurationList = 6373FA5625E277B400D24ED1 /* Build configuration list for PBXProject "hm6" */;
			compatibilityVersion = "Xcode 9.3";
			developmentRegion = en;
			hasScannedForEncodings = 0;
			knownRegions = (
				en,
				Base,
			);
			mainGroup = 6373FA5225E277B400D24ED1;
			productRefGroup = 6373FA5C25E277B400D24ED1 /* Products */;
			projectDirPath = "";
			projectRoot = "";
			targets = (
				6373FA5A25E277B400D24ED1 /* hm6 */,
			);
		};
/* End PBXProject section */

/* Begin PBXResourcesBuildPhase section */
		6373FA5925E277B400D24ED1 /* Resources */ = {
			isa = PBXResourcesBuildPhase;
			buildActionMask = 2147483647;
			files = (
				6373FA6E25E277B700D24ED1 /* LaunchScreen.storyboard in Resources */,
				63AFBEF425E652E8009B8FDA /* MyTableViewCell.xib in Resources */,
				6373FA6B25E277B700D24ED1 /* Assets.xcassets in Resources */,
				6373FA6625E277B400D24ED1 /* Main.storyboard in Resources */,
			);
			runOnlyForDeploymentPostprocessing = 0;
		};
/* End PBXResourcesBuildPhase section */

/* Begin PBXSourcesBuildPhase section */
		6373FA5725E277B400D24ED1 /* Sources */ = {
			isa = PBXSourcesBuildPhase;
			buildActionMask = 2147483647;
			files = (
				6373FA6325E277B400D24ED1 /* ViewController.swift in Sources */,
				63AFBEEF25E65028009B8FDA /* Extensions.swift in Sources */,
				631F244825E555ED0038621E /* JSONModels.swift in Sources */,
				63AFBEF325E652E8009B8FDA /* MyTableViewCell.swift in Sources */,
				6373FA5F25E277B400D24ED1 /* AppDelegate.swift in Sources */,
				6373FA7825E2784200D24ED1 /* NetworkManager.swift in Sources */,
				6373FA6125E277B400D24ED1 /* SceneDelegate.swift in Sources */,
				6381248325E324F80013C23F /* DetailsViewController.swift in Sources */,
				6381248025E320AC0013C23F /* ClientConstants.swift in Sources */,
				6373FA6925E277B400D24ED1 /* hm6.xcdatamodeld in Sources */,
			);
			runOnlyForDeploymentPostprocessing = 0;
		};
/* End PBXSourcesBuildPhase section */

/* Begin PBXVariantGroup section */
		6373FA6425E277B400D24ED1 /* Main.storyboard */ = {
			isa = PBXVariantGroup;
			children = (
				6373FA6525E277B400D24ED1 /* Base */,
			);
			name = Main.storyboard;
			sourceTree = "<group>";
		};
		6373FA6C25E277B700D24ED1 /* LaunchScreen.storyboard */ = {
			isa = PBXVariantGroup;
			children = (
				6373FA6D25E277B700D24ED1 /* Base */,
			);
			name = LaunchScreen.storyboard;
			sourceTree = "<group>";
		};
/* End PBXVariantGroup section */

/* Begin XCBuildConfiguration section */
		6373FA7025E277B700D24ED1 /* Debug */ = {
			isa = XCBuildConfiguration;
			buildSettings = {
				ALWAYS_SEARCH_USER_PATHS = NO;
				CLANG_ANALYZER_NONNULL = YES;
				CLANG_ANALYZER_NUMBER_OBJECT_CONVERSION = YES_AGGRESSIVE;
				CLANG_CXX_LANGUAGE_STANDARD = "gnu++14";
				CLANG_CXX_LIBRARY = "libc++";
				CLANG_ENABLE_MODULES = YES;
				CLANG_ENABLE_OBJC_ARC = YES;
				CLANG_ENABLE_OBJC_WEAK = YES;
				CLANG_WARN_BLOCK_CAPTURE_AUTORELEASING = YES;
				CLANG_WARN_BOOL_CONVERSION = YES;
				CLANG_WARN_COMMA = YES;
				CLANG_WARN_CONSTANT_CONVERSION = YES;
				CLANG_WARN_DEPRECATED_OBJC_IMPLEMENTATIONS = YES;
				CLANG_WARN_DIRECT_OBJC_ISA_USAGE = YES_ERROR;
				CLANG_WARN_DOCUMENTATION_COMMENTS = YES;
				CLANG_WARN_EMPTY_BODY = YES;
				CLANG_WARN_ENUM_CONVERSION = YES;
				CLANG_WARN_INFINITE_RECURSION = YES;
				CLANG_WARN_INT_CONVERSION = YES;
				CLANG_WARN_NON_LITERAL_NULL_CONVERSION = YES;
				CLANG_WARN_OBJC_IMPLICIT_RETAIN_SELF = YES;
				CLANG_WARN_OBJC_LITERAL_CONVERSION = YES;
				CLANG_WARN_OBJC_ROOT_CLASS = YES_ERROR;
				CLANG_WARN_QUOTED_INCLUDE_IN_FRAMEWORK_HEADER = YES;
				CLANG_WARN_RANGE_LOOP_ANALYSIS = YES;
				CLANG_WARN_STRICT_PROTOTYPES = YES;
				CLANG_WARN_SUSPICIOUS_MOVE = YES;
				CLANG_WARN_UNGUARDED_AVAILABILITY = YES_AGGRESSIVE;
				CLANG_WARN_UNREACHABLE_CODE = YES;
				CLANG_WARN__DUPLICATE_METHOD_MATCH = YES;
				COPY_PHASE_STRIP = NO;
				DEBUG_INFORMATION_FORMAT = dwarf;
				ENABLE_STRICT_OBJC_MSGSEND = YES;
				ENABLE_TESTABILITY = YES;
				GCC_C_LANGUAGE_STANDARD = gnu11;
				GCC_DYNAMIC_NO_PIC = NO;
				GCC_NO_COMMON_BLOCKS = YES;
				GCC_OPTIMIZATION_LEVEL = 0;
				GCC_PREPROCESSOR_DEFINITIONS = (
					"DEBUG=1",
					"$(inherited)",
				);
				GCC_WARN_64_TO_32_BIT_CONVERSION = YES;
				GCC_WARN_ABOUT_RETURN_TYPE = YES_ERROR;
				GCC_WARN_UNDECLARED_SELECTOR = YES;
				GCC_WARN_UNINITIALIZED_AUTOS = YES_AGGRESSIVE;
				GCC_WARN_UNUSED_FUNCTION = YES;
				GCC_WARN_UNUSED_VARIABLE = YES;
				IPHONEOS_DEPLOYMENT_TARGET = 14.4;
				MTL_ENABLE_DEBUG_INFO = INCLUDE_SOURCE;
				MTL_FAST_MATH = YES;
				ONLY_ACTIVE_ARCH = YES;
				SDKROOT = iphoneos;
				SWIFT_ACTIVE_COMPILATION_CONDITIONS = DEBUG;
				SWIFT_OPTIMIZATION_LEVEL = "-Onone";
			};
			name = Debug;
		};
		6373FA7125E277B700D24ED1 /* Release */ = {
			isa = XCBuildConfiguration;
			buildSettings = {
				ALWAYS_SEARCH_USER_PATHS = NO;
				CLANG_ANALYZER_NONNULL = YES;
				CLANG_ANALYZER_NUMBER_OBJECT_CONVERSION = YES_AGGRESSIVE;
				CLANG_CXX_LANGUAGE_STANDARD = "gnu++14";
				CLANG_CXX_LIBRARY = "libc++";
				CLANG_ENABLE_MODULES = YES;
				CLANG_ENABLE_OBJC_ARC = YES;
				CLANG_ENABLE_OBJC_WEAK = YES;
				CLANG_WARN_BLOCK_CAPTURE_AUTORELEASING = YES;
				CLANG_WARN_BOOL_CONVERSION = YES;
				CLANG_WARN_COMMA = YES;
				CLANG_WARN_CONSTANT_CONVERSION = YES;
				CLANG_WARN_DEPRECATED_OBJC_IMPLEMENTATIONS = YES;
				CLANG_WARN_DIRECT_OBJC_ISA_USAGE = YES_ERROR;
				CLANG_WARN_DOCUMENTATION_COMMENTS = YES;
				CLANG_WARN_EMPTY_BODY = YES;
				CLANG_WARN_ENUM_CONVERSION = YES;
				CLANG_WARN_INFINITE_RECURSION = YES;
				CLANG_WARN_INT_CONVERSION = YES;
				CLANG_WARN_NON_LITERAL_NULL_CONVERSION = YES;
				CLANG_WARN_OBJC_IMPLICIT_RETAIN_SELF = YES;
				CLANG_WARN_OBJC_LITERAL_CONVERSION = YES;
				CLANG_WARN_OBJC_ROOT_CLASS = YES_ERROR;
				CLANG_WARN_QUOTED_INCLUDE_IN_FRAMEWORK_HEADER = YES;
				CLANG_WARN_RANGE_LOOP_ANALYSIS = YES;
				CLANG_WARN_STRICT_PROTOTYPES = YES;
				CLANG_WARN_SUSPICIOUS_MOVE = YES;
				CLANG_WARN_UNGUARDED_AVAILABILITY = YES_AGGRESSIVE;
				CLANG_WARN_UNREACHABLE_CODE = YES;
				CLANG_WARN__DUPLICATE_METHOD_MATCH = YES;
				COPY_PHASE_STRIP = NO;
				DEBUG_INFORMATION_FORMAT = "dwarf-with-dsym";
				ENABLE_NS_ASSERTIONS = NO;
				ENABLE_STRICT_OBJC_MSGSEND = YES;
				GCC_C_LANGUAGE_STANDARD = gnu11;
				GCC_NO_COMMON_BLOCKS = YES;
				GCC_WARN_64_TO_32_BIT_CONVERSION = YES;
				GCC_WARN_ABOUT_RETURN_TYPE = YES_ERROR;
				GCC_WARN_UNDECLARED_SELECTOR = YES;
				GCC_WARN_UNINITIALIZED_AUTOS = YES_AGGRESSIVE;
				GCC_WARN_UNUSED_FUNCTION = YES;
				GCC_WARN_UNUSED_VARIABLE = YES;
				IPHONEOS_DEPLOYMENT_TARGET = 14.4;
				MTL_ENABLE_DEBUG_INFO = NO;
				MTL_FAST_MATH = YES;
				SDKROOT = iphoneos;
				SWIFT_COMPILATION_MODE = wholemodule;
				SWIFT_OPTIMIZATION_LEVEL = "-O";
				VALIDATE_PRODUCT = YES;
			};
			name = Release;
		};
		6373FA7325E277B700D24ED1 /* Debug */ = {
			isa = XCBuildConfiguration;
			buildSettings = {
				ASSETCATALOG_COMPILER_APPICON_NAME = AppIcon;
				ASSETCATALOG_COMPILER_GLOBAL_ACCENT_COLOR_NAME = AccentColor;
				CODE_SIGN_STYLE = Automatic;
				INFOPLIST_FILE = hm6/Info.plist;
				LD_RUNPATH_SEARCH_PATHS = (
					"$(inherited)",
					"@executable_path/Frameworks",
				);
				PRODUCT_BUNDLE_IDENTIFIER = me.hm6;
				PRODUCT_NAME = "$(TARGET_NAME)";
				SWIFT_VERSION = 5.0;
				TARGETED_DEVICE_FAMILY = "1,2";
			};
			name = Debug;
		};
		6373FA7425E277B700D24ED1 /* Release */ = {
			isa = XCBuildConfiguration;
			buildSettings = {
				ASSETCATALOG_COMPILER_APPICON_NAME = AppIcon;
				ASSETCATALOG_COMPILER_GLOBAL_ACCENT_COLOR_NAME = AccentColor;
				CODE_SIGN_STYLE = Automatic;
				INFOPLIST_FILE = hm6/Info.plist;
				LD_RUNPATH_SEARCH_PATHS = (
					"$(inherited)",
					"@executable_path/Frameworks",
				);
				PRODUCT_BUNDLE_IDENTIFIER = me.hm6;
				PRODUCT_NAME = "$(TARGET_NAME)";
				SWIFT_VERSION = 5.0;
				TARGETED_DEVICE_FAMILY = "1,2";
			};
			name = Release;
		};
/* End XCBuildConfiguration section */

/* Begin XCConfigurationList section */
		6373FA5625E277B400D24ED1 /* Build configuration list for PBXProject "hm6" */ = {
			isa = XCConfigurationList;
			buildConfigurations = (
				6373FA7025E277B700D24ED1 /* Debug */,
				6373FA7125E277B700D24ED1 /* Release */,
			);
			defaultConfigurationIsVisible = 0;
			defaultConfigurationName = Release;
		};
		6373FA7225E277B700D24ED1 /* Build configuration list for PBXNativeTarget "hm6" */ = {
			isa = XCConfigurationList;
			buildConfigurations = (
				6373FA7325E277B700D24ED1 /* Debug */,
				6373FA7425E277B700D24ED1 /* Release */,
			);
			defaultConfigurationIsVisible = 0;
			defaultConfigurationName = Release;
		};
/* End XCConfigurationList section */

/* Begin XCVersionGroup section */
		6373FA6725E277B400D24ED1 /* hm6.xcdatamodeld */ = {
			isa = XCVersionGroup;
			children = (
				6373FA6825E277B400D24ED1 /* hm6.xcdatamodel */,
			);
			currentVersion = 6373FA6825E277B400D24ED1 /* hm6.xcdatamodel */;
			path = hm6.xcdatamodeld;
			sourceTree = "<group>";
			versionGroupType = wrapper.xcdatamodel;
		};
/* End XCVersionGroup section */
	};
	rootObject = 6373FA5325E277B400D24ED1 /* Project object */;
}
